
Microsoft Visual Studio Solution File, Format Version 12.00
# Visual Studio Version 17
VisualStudioVersion = 17.1.32210.238
MinimumVisualStudioVersion = 10.0.40219.1
Project("{2150E333-8FDC-42A3-9474-1A3956D46DE8}") = "Business Services", "Business Services", "{B2F18C8F-0908-4100-8DC5-B49B681DA65D}"
EndProject
Project("{2150E333-8FDC-42A3-9474-1A3956D46DE8}") = "Data Services", "Data Services", "{304F3B9E-381A-4BEB-8446-81613439A306}"
EndProject
Project("{2150E333-8FDC-42A3-9474-1A3956D46DE8}") = "Shared", "Shared", "{A013AECA-D672-433A-BA9C-356949E70CCB}"
EndProject
Project("{9A19103F-16F7-4668-BE54-9A1E7A4F7556}") = "AECS.Auth.Api", "AECS.Auth.api\Deploy\AECS.Auth.Api.csproj", "{723E3323-B508-4ECD-B270-3EA1029874BA}"
EndProject
Project("{9A19103F-16F7-4668-BE54-9A1E7A4F7556}") = "AECS.Auth.Common", "AECS.Auth.api\Shared\AECS.Auth.Common\AECS.Auth.Common.csproj", "{22EF64AE-8C01-41AC-8733-98507FA3DA3F}"
EndProject
Project("{9A19103F-16F7-4668-BE54-9A1E7A4F7556}") = "AECS.Auth.Ioc", "AECS.Auth.api\Shared\AECS.Auth.Ioc\AECS.Auth.Ioc.csproj", "{8055E7B8-E266-4064-AB62-0CB1C278929E}"
EndProject
Project("{9A19103F-16F7-4668-BE54-9A1E7A4F7556}") = "AECS.Auth.Contract", "AECS.Auth.api\Data Services\AECS.Auth.Data.Contract\AECS.Auth.Contract.csproj", "{0363BCCF-3234-4A02-9DF2-2F3AFC8B9925}"
EndProject
Project("{9A19103F-16F7-4668-BE54-9A1E7A4F7556}") = "AECS.Auth.Data", "AECS.Auth.api\Data Services\AECS.Auth.Data\AECS.Auth.Data.csproj", "{DA81EC3B-33EF-460F-90CE-6A05CBD8F196}"
EndProject
Project("{9A19103F-16F7-4668-BE54-9A1E7A4F7556}") = "AECS.Auth.Data.Models", "AECS.Auth.api\Data Services\AECS.Auth.Data.Models\AECS.Auth.Data.Models.csproj", "{831CA64B-D977-450F-A60B-1C89D11D18A6}"
EndProject
Project("{9A19103F-16F7-4668-BE54-9A1E7A4F7556}") = "AECS.Auth.Repository", "AECS.Auth.api\Data Services\AECS.Auth.Repository\AECS.Auth.Repository.csproj", "{DE4B7B5C-FCA4-4502-B0E7-5F1B04130D28}"
EndProject
Project("{9A19103F-16F7-4668-BE54-9A1E7A4F7556}") = "AECS.Auth.Repository.Contract", "AECS.Auth.api\Data Services\AECS.Auth.Contract\AECS.Auth.Repository.Contract.csproj", "{3E702CE9-87FB-423C-B954-062340129F89}"
EndProject
Project("{9A19103F-16F7-4668-BE54-9A1E7A4F7556}") = "AECS.Auth.Services", "AECS.Auth.api\Business Services\AECS.Auth.Services\AECS.Auth.Services.csproj", "{2000CFF0-F9AB-464A-A22C-35106FFAEB12}"
EndProject
Project("{9A19103F-16F7-4668-BE54-9A1E7A4F7556}") = "AECS.Auth.Services.Contract", "AECS.Auth.api\Business Services\AECS.Auth.Services.Contract\AECS.Auth.Services.Contract.csproj", "{686D32E0-A551-44E3-AA0E-1DFB1CFE4E1B}"
EndProject
Project("{9A19103F-16F7-4668-BE54-9A1E7A4F7556}") = "AECS.Auth.Services.Models", "AECS.Auth.api\Business Services\AECS.Auth.Services.Models\AECS.Auth.Services.Models.csproj", "{B37F4BD4-9BEC-4CD8-91CB-9BC750A6035A}"
EndProject
Project("{2150E333-8FDC-42A3-9474-1A3956D46DE8}") = "Authentication", "Authentication", "{713F8A72-7E49-4499-8843-EC0200605B5B}"
EndProject
Project("{2150E333-8FDC-42A3-9474-1A3956D46DE8}") = "Order Management", "Order Management", "{551186D7-B7C0-46D1-9631-670C429A728F}"
EndProject
Project("{2150E333-8FDC-42A3-9474-1A3956D46DE8}") = "Delivery Service", "Delivery Service", "{B25F245B-74AA-42FA-A4F8-534E27499F6F}"
EndProject
Project("{9A19103F-16F7-4668-BE54-9A1E7A4F7556}") = "AECS.Order.Api", "AECS.Order.api\AECS.Order.Api\AECS.Order.Api.csproj", "{70DA9BFA-2F67-49C0-B0C1-CE3234F8B437}"
EndProject
Project("{9A19103F-16F7-4668-BE54-9A1E7A4F7556}") = "AECS.Delivery.Api", "AECS.Delivery.Api\AECS.Delivery.Api.csproj", "{90D4CC1D-34CD-4E8F-94E0-5D1CCC3B6770}"
EndProject
Project("{2150E333-8FDC-42A3-9474-1A3956D46DE8}") = "Solution Items", "Solution Items", "{AF6909F9-6147-4DA1-8C5D-85617582C50C}"
EndProject
Global
	GlobalSection(SolutionConfigurationPlatforms) = preSolution
		Debug|Any CPU = Debug|Any CPU
		Release|Any CPU = Release|Any CPU
	EndGlobalSection
	GlobalSection(ProjectConfigurationPlatforms) = postSolution
		{723E3323-B508-4ECD-B270-3EA1029874BA}.Debug|Any CPU.ActiveCfg = Debug|Any CPU
		{723E3323-B508-4ECD-B270-3EA1029874BA}.Debug|Any CPU.Build.0 = Debug|Any CPU
		{723E3323-B508-4ECD-B270-3EA1029874BA}.Release|Any CPU.ActiveCfg = Release|Any CPU
		{723E3323-B508-4ECD-B270-3EA1029874BA}.Release|Any CPU.Build.0 = Release|Any CPU
		{22EF64AE-8C01-41AC-8733-98507FA3DA3F}.Debug|Any CPU.ActiveCfg = Debug|Any CPU
		{22EF64AE-8C01-41AC-8733-98507FA3DA3F}.Debug|Any CPU.Build.0 = Debug|Any CPU
		{22EF64AE-8C01-41AC-8733-98507FA3DA3F}.Release|Any CPU.ActiveCfg = Release|Any CPU
		{22EF64AE-8C01-41AC-8733-98507FA3DA3F}.Release|Any CPU.Build.0 = Release|Any CPU
		{8055E7B8-E266-4064-AB62-0CB1C278929E}.Debug|Any CPU.ActiveCfg = Debug|Any CPU
		{8055E7B8-E266-4064-AB62-0CB1C278929E}.Debug|Any CPU.Build.0 = Debug|Any CPU
		{8055E7B8-E266-4064-AB62-0CB1C278929E}.Release|Any CPU.ActiveCfg = Release|Any CPU
		{8055E7B8-E266-4064-AB62-0CB1C278929E}.Release|Any CPU.Build.0 = Release|Any CPU
		{0363BCCF-3234-4A02-9DF2-2F3AFC8B9925}.Debug|Any CPU.ActiveCfg = Debug|Any CPU
		{0363BCCF-3234-4A02-9DF2-2F3AFC8B9925}.Debug|Any CPU.Build.0 = Debug|Any CPU
		{0363BCCF-3234-4A02-9DF2-2F3AFC8B9925}.Release|Any CPU.ActiveCfg = Release|Any CPU
		{0363BCCF-3234-4A02-9DF2-2F3AFC8B9925}.Release|Any CPU.Build.0 = Release|Any CPU
		{DA81EC3B-33EF-460F-90CE-6A05CBD8F196}.Debug|Any CPU.ActiveCfg = Debug|Any CPU
		{DA81EC3B-33EF-460F-90CE-6A05CBD8F196}.Debug|Any CPU.Build.0 = Debug|Any CPU
		{DA81EC3B-33EF-460F-90CE-6A05CBD8F196}.Release|Any CPU.ActiveCfg = Release|Any CPU
		{DA81EC3B-33EF-460F-90CE-6A05CBD8F196}.Release|Any CPU.Build.0 = Release|Any CPU
		{831CA64B-D977-450F-A60B-1C89D11D18A6}.Debug|Any CPU.ActiveCfg = Debug|Any CPU
		{831CA64B-D977-450F-A60B-1C89D11D18A6}.Debug|Any CPU.Build.0 = Debug|Any CPU
		{831CA64B-D977-450F-A60B-1C89D11D18A6}.Release|Any CPU.ActiveCfg = Release|Any CPU
		{831CA64B-D977-450F-A60B-1C89D11D18A6}.Release|Any CPU.Build.0 = Release|Any CPU
		{DE4B7B5C-FCA4-4502-B0E7-5F1B04130D28}.Debug|Any CPU.ActiveCfg = Debug|Any CPU
		{DE4B7B5C-FCA4-4502-B0E7-5F1B04130D28}.Debug|Any CPU.Build.0 = Debug|Any CPU
		{DE4B7B5C-FCA4-4502-B0E7-5F1B04130D28}.Release|Any CPU.ActiveCfg = Release|Any CPU
		{DE4B7B5C-FCA4-4502-B0E7-5F1B04130D28}.Release|Any CPU.Build.0 = Release|Any CPU
		{3E702CE9-87FB-423C-B954-062340129F89}.Debug|Any CPU.ActiveCfg = Debug|Any CPU
		{3E702CE9-87FB-423C-B954-062340129F89}.Debug|Any CPU.Build.0 = Debug|Any CPU
		{3E702CE9-87FB-423C-B954-062340129F89}.Release|Any CPU.ActiveCfg = Release|Any CPU
		{3E702CE9-87FB-423C-B954-062340129F89}.Release|Any CPU.Build.0 = Release|Any CPU
		{2000CFF0-F9AB-464A-A22C-35106FFAEB12}.Debug|Any CPU.ActiveCfg = Debug|Any CPU
		{2000CFF0-F9AB-464A-A22C-35106FFAEB12}.Debug|Any CPU.Build.0 = Debug|Any CPU
		{2000CFF0-F9AB-464A-A22C-35106FFAEB12}.Release|Any CPU.ActiveCfg = Release|Any CPU
		{2000CFF0-F9AB-464A-A22C-35106FFAEB12}.Release|Any CPU.Build.0 = Release|Any CPU
		{686D32E0-A551-44E3-AA0E-1DFB1CFE4E1B}.Debug|Any CPU.ActiveCfg = Debug|Any CPU
		{686D32E0-A551-44E3-AA0E-1DFB1CFE4E1B}.Debug|Any CPU.Build.0 = Debug|Any CPU
		{686D32E0-A551-44E3-AA0E-1DFB1CFE4E1B}.Release|Any CPU.ActiveCfg = Release|Any CPU
		{686D32E0-A551-44E3-AA0E-1DFB1CFE4E1B}.Release|Any CPU.Build.0 = Release|Any CPU
		{B37F4BD4-9BEC-4CD8-91CB-9BC750A6035A}.Debug|Any CPU.ActiveCfg = Debug|Any CPU
		{B37F4BD4-9BEC-4CD8-91CB-9BC750A6035A}.Debug|Any CPU.Build.0 = Debug|Any CPU
		{B37F4BD4-9BEC-4CD8-91CB-9BC750A6035A}.Release|Any CPU.ActiveCfg = Release|Any CPU
		{B37F4BD4-9BEC-4CD8-91CB-9BC750A6035A}.Release|Any CPU.Build.0 = Release|Any CPU
		{70DA9BFA-2F67-49C0-B0C1-CE3234F8B437}.Debug|Any CPU.ActiveCfg = Debug|Any CPU
		{70DA9BFA-2F67-49C0-B0C1-CE3234F8B437}.Debug|Any CPU.Build.0 = Debug|Any CPU
		{70DA9BFA-2F67-49C0-B0C1-CE3234F8B437}.Release|Any CPU.ActiveCfg = Release|Any CPU
		{70DA9BFA-2F67-49C0-B0C1-CE3234F8B437}.Release|Any CPU.Build.0 = Release|Any CPU
		{90D4CC1D-34CD-4E8F-94E0-5D1CCC3B6770}.Debug|Any CPU.ActiveCfg = Debug|Any CPU
		{90D4CC1D-34CD-4E8F-94E0-5D1CCC3B6770}.Debug|Any CPU.Build.0 = Debug|Any CPU
		{90D4CC1D-34CD-4E8F-94E0-5D1CCC3B6770}.Release|Any CPU.ActiveCfg = Release|Any CPU
		{90D4CC1D-34CD-4E8F-94E0-5D1CCC3B6770}.Release|Any CPU.Build.0 = Release|Any CPU
	EndGlobalSection
	GlobalSection(SolutionProperties) = preSolution
		HideSolutionNode = FALSE
	EndGlobalSection
	GlobalSection(NestedProjects) = preSolution
		{B2F18C8F-0908-4100-8DC5-B49B681DA65D} = {713F8A72-7E49-4499-8843-EC0200605B5B}
		{304F3B9E-381A-4BEB-8446-81613439A306} = {713F8A72-7E49-4499-8843-EC0200605B5B}
		{A013AECA-D672-433A-BA9C-356949E70CCB} = {713F8A72-7E49-4499-8843-EC0200605B5B}
		{22EF64AE-8C01-41AC-8733-98507FA3DA3F} = {A013AECA-D672-433A-BA9C-356949E70CCB}
		{8055E7B8-E266-4064-AB62-0CB1C278929E} = {A013AECA-D672-433A-BA9C-356949E70CCB}
		{0363BCCF-3234-4A02-9DF2-2F3AFC8B9925} = {304F3B9E-381A-4BEB-8446-81613439A306}
		{DA81EC3B-33EF-460F-90CE-6A05CBD8F196} = {304F3B9E-381A-4BEB-8446-81613439A306}
		{831CA64B-D977-450F-A60B-1C89D11D18A6} = {304F3B9E-381A-4BEB-8446-81613439A306}
		{DE4B7B5C-FCA4-4502-B0E7-5F1B04130D28} = {304F3B9E-381A-4BEB-8446-81613439A306}
		{3E702CE9-87FB-423C-B954-062340129F89} = {304F3B9E-381A-4BEB-8446-81613439A306}
		{2000CFF0-F9AB-464A-A22C-35106FFAEB12} = {B2F18C8F-0908-4100-8DC5-B49B681DA65D}
		{686D32E0-A551-44E3-AA0E-1DFB1CFE4E1B} = {B2F18C8F-0908-4100-8DC5-B49B681DA65D}
		{B37F4BD4-9BEC-4CD8-91CB-9BC750A6035A} = {B2F18C8F-0908-4100-8DC5-B49B681DA65D}
	EndGlobalSection
	GlobalSection(ExtensibilityGlobals) = postSolution
		SolutionGuid = {2D4F99DE-8CFF-49BE-B5A3-0BDCF08AF159}
	EndGlobalSection
EndGlobal
